
Microsoft Visual Studio Solution File, Format Version 12.00
# Visual Studio 2012
Project("{FAE04EC0-301F-11D3-BF4B-00C04F79EFBC}") = "buildagent", "ConsoleApplication1\buildagent.csproj", "{69E9C9C7-9455-4FC6-AB8F-ADBDCE4820CF}"
EndProject
Global
	GlobalSection(SolutionConfigurationPlatforms) = preSolution
		Debug|Any CPU = Debug|Any CPU
		Release|Any CPU = Release|Any CPU
	EndGlobalSection
	GlobalSection(ProjectConfigurationPlatforms) = postSolution
		{69E9C9C7-9455-4FC6-AB8F-ADBDCE4820CF}.Debug|Any CPU.ActiveCfg = Debug|x86
		{69E9C9C7-9455-4FC6-AB8F-ADBDCE4820CF}.Release|Any CPU.ActiveCfg = Debug|x86
	EndGlobalSection
	GlobalSection(SolutionProperties) = preSolution
		HideSolutionNode = FALSE
	EndGlobalSection
EndGlobal
